
Microsoft Visual Studio Solution File, Format Version 12.00
# Visual Studio Version 17
VisualStudioVersion = 17.8.34525.116
MinimumVisualStudioVersion = 10.0.40219.1
Project("{FAE04EC0-301F-11D3-BF4B-00C04F79EFBC}") = "WebApplication1", "WebApplication1\WebApplication1.csproj", "{19165A1E-580F-4512-840D-8FFD27F63810}"
EndProject
Project("{FAE04EC0-301F-11D3-BF4B-00C04F79EFBC}") = "API.Tests", "API.Tests\API.Tests.csproj", "{A62C4CA3-9590-45CE-AAA1-652CB404020F}"
EndProject
Global
	GlobalSection(SolutionConfigurationPlatforms) = preSolution
		Debug|Any CPU = Debug|Any CPU
		Release|Any CPU = Release|Any CPU
	EndGlobalSection
	GlobalSection(ProjectConfigurationPlatforms) = postSolution
		{19165A1E-580F-4512-840D-8FFD27F63810}.Debug|Any CPU.ActiveCfg = Debug|Any CPU
		{19165A1E-580F-4512-840D-8FFD27F63810}.Debug|Any CPU.Build.0 = Debug|Any CPU
		{19165A1E-580F-4512-840D-8FFD27F63810}.Release|Any CPU.ActiveCfg = Release|Any CPU
		{19165A1E-580F-4512-840D-8FFD27F63810}.Release|Any CPU.Build.0 = Release|Any CPU
		{A62C4CA3-9590-45CE-AAA1-652CB404020F}.Debug|Any CPU.ActiveCfg = Debug|Any CPU
		{A62C4CA3-9590-45CE-AAA1-652CB404020F}.Debug|Any CPU.Build.0 = Debug|Any CPU
		{A62C4CA3-9590-45CE-AAA1-652CB404020F}.Release|Any CPU.ActiveCfg = Release|Any CPU
		{A62C4CA3-9590-45CE-AAA1-652CB404020F}.Release|Any CPU.Build.0 = Release|Any CPU
	EndGlobalSection
	GlobalSection(SolutionProperties) = preSolution
		HideSolutionNode = FALSE
	EndGlobalSection
	GlobalSection(ExtensibilityGlobals) = postSolution
		SolutionGuid = {34C9BCEC-DE42-4399-994C-BB6BF3AEB626}
	EndGlobalSection
EndGlobal
